// !$*UTF8*$!
{
	archiveVersion = 1;
	classes = {
	};
	objectVersion = 77;
	objects = {

/* Begin PBXBuildFile section */
		B1000000000000000000000D /* AuroraWeatherWidgetExtension.appex in Embed Foundation Extensions */ = {isa = PBXBuildFile; fileRef = B10000000000000000000004 /* AuroraWeatherWidgetExtension.appex */; settings = {ATTRIBUTES = (RemoveHeadersOnCopy, ); }; };
		C10000000000000000000014 /* SoradamaWatch.app in Embed Watch Content */ = {isa = PBXBuildFile; fileRef = C1000000000000000000000B /* SoradamaWatch.app */; settings = {ATTRIBUTES = (RemoveHeadersOnCopy, ); }; };
		D1000000000000000000000A /* SoradamaWatchWidgetExtension.appex in Embed Foundation Extensions */ = {isa = PBXBuildFile; fileRef = D10000000000000000000001 /* SoradamaWatchWidgetExtension.appex */; settings = {ATTRIBUTES = (RemoveHeadersOnCopy, ); }; };
/* End PBXBuildFile section */

/* Begin PBXContainerItemProxy section */
		B1000000000000000000000E /* PBXContainerItemProxy */ = {
			isa = PBXContainerItemProxy;
			containerPortal = A10000000000000000000001 /* Project object */;
			proxyType = 1;
			remoteGlobalIDString = B10000000000000000000005;
			remoteInfo = AuroraWeatherWidgetExtension;
		};
		C10000000000000000000015 /* PBXContainerItemProxy */ = {
			isa = PBXContainerItemProxy;
			containerPortal = A10000000000000000000001 /* Project object */;
			proxyType = 1;
			remoteGlobalIDString = C1000000000000000000000C;
			remoteInfo = SoradamaWatch;
		};
		D1000000000000000000000D /* PBXContainerItemProxy */ = {
			isa = PBXContainerItemProxy;
			containerPortal = A10000000000000000000001 /* Project object */;
			proxyType = 1;
			remoteGlobalIDString = D10000000000000000000003;
			remoteInfo = SoradamaWatchWidgetExtension;
		};
/* End PBXContainerItemProxy section */

/* Begin PBXCopyFilesBuildPhase section */
		B1000000000000000000000C /* Embed Foundation Extensions */ = {
			isa = PBXCopyFilesBuildPhase;
			buildActionMask = 2147483647;
			dstPath = "";
			dstSubfolderSpec = 13;
			files = (
				B1000000000000000000000D /* AuroraWeatherWidgetExtension.appex in Embed Foundation Extensions */,
			);
			name = "Embed Foundation Extensions";
			runOnlyForDeploymentPostprocessing = 0;
		};
		C10000000000000000000013 /* Embed Watch Content */ = {
			isa = PBXCopyFilesBuildPhase;
			buildActionMask = 2147483647;
			dstPath = "$(CONTENTS_FOLDER_PATH)/Watch";
			dstSubfolderSpec = 16;
			files = (
				C10000000000000000000014 /* SoradamaWatch.app in Embed Watch Content */,
			);
			name = "Embed Watch Content";
			runOnlyForDeploymentPostprocessing = 0;
		};
		D1000000000000000000000B /* Embed Foundation Extensions */ = {
			isa = PBXCopyFilesBuildPhase;
			buildActionMask = 2147483647;
			dstPath = "";
			dstSubfolderSpec = 13;
			files = (
				D1000000000000000000000A /* SoradamaWatchWidgetExtension.appex in Embed Foundation Extensions */,
			);
			name = "Embed Foundation Extensions";
			runOnlyForDeploymentPostprocessing = 0;
		};
/* End PBXCopyFilesBuildPhase section */

/* Begin PBXFileReference section */
		A1000000000000000000000D /* AuroraWeather.app */ = {isa = PBXFileReference; explicitFileType = wrapper.application; includeInIndex = 0; path = AuroraWeather.app; sourceTree = BUILT_PRODUCTS_DIR; };
		B10000000000000000000004 /* AuroraWeatherWidgetExtension.appex */ = {isa = PBXFileReference; explicitFileType = "wrapper.app-extension"; includeInIndex = 0; path = AuroraWeatherWidgetExtension.appex; sourceTree = BUILT_PRODUCTS_DIR; };
		C1000000000000000000000B /* SoradamaWatch.app */ = {isa = PBXFileReference; explicitFileType = wrapper.application; includeInIndex = 0; path = SoradamaWatch.app; sourceTree = BUILT_PRODUCTS_DIR; };
		D10000000000000000000001 /* SoradamaWatchWidgetExtension.appex */ = {isa = PBXFileReference; explicitFileType = "wrapper.app-extension"; includeInIndex = 0; path = SoradamaWatchWidgetExtension.appex; sourceTree = BUILT_PRODUCTS_DIR; };
/* End PBXFileReference section */

/* Begin PBXFileSystemSynchronizedBuildFileExceptionSet section */
		B10000000000000000000003 /* Exceptions for "AuroraWeatherWidget" folder in "AuroraWeatherWidgetExtension" target */ = {
			isa = PBXFileSystemSynchronizedBuildFileExceptionSet;
			membershipExceptions = (
				AuroraWeatherWidget.entitlements,
				Info.plist,
			);
			target = B10000000000000000000005 /* AuroraWeatherWidgetExtension */;
		};
		D1000000000000000000000E /* Exceptions for "SoradamaWatchWidget" folder in "SoradamaWatchWidgetExtension" target */ = {
			isa = PBXFileSystemSynchronizedBuildFileExceptionSet;
			membershipExceptions = (
				Info.plist,
				SoradamaWatchWidget.entitlements,
			);
			target = D10000000000000000000003 /* SoradamaWatchWidgetExtension */;
		};
		E10000000000000000000001 /* Exceptions for "AuroraWeather" folder in "AuroraWeather" target */ = {
			isa = PBXFileSystemSynchronizedBuildFileExceptionSet;
			membershipExceptions = (
				AuroraWeather.entitlements,
				Info.plist,
			);
			target = A1000000000000000000000E /* AuroraWeather */;
		};
		E10000000000000000000002 /* Exceptions for "SoradamaWatch" folder in "SoradamaWatch" target */ = {
			isa = PBXFileSystemSynchronizedBuildFileExceptionSet;
			membershipExceptions = (
				SoradamaWatch.entitlements,
			);
			target = C1000000000000000000000C /* SoradamaWatch */;
		};
/* End PBXFileSystemSynchronizedBuildFileExceptionSet section */

/* Begin PBXFileSystemSynchronizedRootGroup section */
		A1000000000000000000000A /* AuroraWeather */ = {
			isa = PBXFileSystemSynchronizedRootGroup;
			exceptions = (
				E10000000000000000000001 /* Exceptions for "AuroraWeather" folder in "AuroraWeather" target */,
			);
			path = AuroraWeather;
			sourceTree = "<group>";
		};
		B10000000000000000000001 /* Shared */ = {
			isa = PBXFileSystemSynchronizedRootGroup;
			path = Shared;
			sourceTree = "<group>";
		};
		B10000000000000000000002 /* AuroraWeatherWidget */ = {
			isa = PBXFileSystemSynchronizedRootGroup;
			exceptions = (
				B10000000000000000000003 /* Exceptions for "AuroraWeatherWidget" folder in "AuroraWeatherWidgetExtension" target */,
			);
			path = AuroraWeatherWidget;
			sourceTree = "<group>";
		};
		C1000000000000000000000A /* SoradamaWatch */ = {
			isa = PBXFileSystemSynchronizedRootGroup;
			exceptions = (
				E10000000000000000000002 /* Exceptions for "SoradamaWatch" folder in "SoradamaWatch" target */,
			);
			path = SoradamaWatch;
			sourceTree = "<group>";
		};
		D10000000000000000000002 /* SoradamaWatchWidget */ = {
			isa = PBXFileSystemSynchronizedRootGroup;
			exceptions = (
				D1000000000000000000000E /* Exceptions for "SoradamaWatchWidget" folder in "SoradamaWatchWidgetExtension" target */,
			);
			path = SoradamaWatchWidget;
			sourceTree = "<group>";
		};
/* End PBXFileSystemSynchronizedRootGroup section */

/* Begin PBXFrameworksBuildPhase section */
		A1000000000000000000000F /* Frameworks */ = {
			isa = PBXFrameworksBuildPhase;
			buildActionMask = 2147483647;
			files = (
			);
			runOnlyForDeploymentPostprocessing = 0;
		};
		B10000000000000000000007 /* Frameworks */ = {
			isa = PBXFrameworksBuildPhase;
			buildActionMask = 2147483647;
			files = (
			);
			runOnlyForDeploymentPostprocessing = 0;
		};
		C1000000000000000000000E /* Frameworks */ = {
			isa = PBXFrameworksBuildPhase;
			buildActionMask = 2147483647;
			files = (
			);
			runOnlyForDeploymentPostprocessing = 0;
		};
		D10000000000000000000005 /* Frameworks */ = {
			isa = PBXFrameworksBuildPhase;
			buildActionMask = 2147483647;
			files = (
			);
			runOnlyForDeploymentPostprocessing = 0;
		};
/* End PBXFrameworksBuildPhase section */

/* Begin PBXGroup section */
		A1000000000000000000000B = {
			isa = PBXGroup;
			children = (
				A1000000000000000000000A /* AuroraWeather */,
				B10000000000000000000001 /* Shared */,
				B10000000000000000000002 /* AuroraWeatherWidget */,
				C1000000000000000000000A /* SoradamaWatch */,
				D10000000000000000000002 /* SoradamaWatchWidget */,
				A1000000000000000000000C /* Products */,
			);
			sourceTree = "<group>";
		};
		A1000000000000000000000C /* Products */ = {
			isa = PBXGroup;
			children = (
				A1000000000000000000000D /* AuroraWeather.app */,
				B10000000000000000000004 /* AuroraWeatherWidgetExtension.appex */,
				C1000000000000000000000B /* SoradamaWatch.app */,
				D10000000000000000000001 /* SoradamaWatchWidgetExtension.appex */,
			);
			name = Products;
			sourceTree = "<group>";
		};
/* End PBXGroup section */

/* Begin PBXNativeTarget section */
		A1000000000000000000000E /* AuroraWeather */ = {
			isa = PBXNativeTarget;
			buildConfigurationList = A10000000000000000000014 /* Build configuration list for PBXNativeTarget "AuroraWeather" */;
			buildPhases = (
				A10000000000000000000010 /* Sources */,
				A1000000000000000000000F /* Frameworks */,
				A10000000000000000000011 /* Resources */,
				B1000000000000000000000C /* Embed Foundation Extensions */,
				C10000000000000000000013 /* Embed Watch Content */,
			);
			buildRules = (
			);
			dependencies = (
				B1000000000000000000000F /* PBXTargetDependency */,
				C10000000000000000000016 /* PBXTargetDependency */,
			);
			fileSystemSynchronizedGroups = (
				A1000000000000000000000A /* AuroraWeather */,
				B10000000000000000000001 /* Shared */,
			);
			name = AuroraWeather;
			packageProductDependencies = (
			);
			productName = AuroraWeather;
			productReference = A1000000000000000000000D /* AuroraWeather.app */;
			productType = "com.apple.product-type.application";
		};
		B10000000000000000000005 /* AuroraWeatherWidgetExtension */ = {
			isa = PBXNativeTarget;
			buildConfigurationList = B10000000000000000000009 /* Build configuration list for PBXNativeTarget "AuroraWeatherWidgetExtension" */;
			buildPhases = (
				B10000000000000000000006 /* Sources */,
				B10000000000000000000007 /* Frameworks */,
				B10000000000000000000008 /* Resources */,
			);
			buildRules = (
			);
			dependencies = (
			);
			fileSystemSynchronizedGroups = (
				B10000000000000000000002 /* AuroraWeatherWidget */,
				B10000000000000000000001 /* Shared */,
			);
			name = AuroraWeatherWidgetExtension;
			packageProductDependencies = (
			);
			productName = AuroraWeatherWidgetExtension;
			productReference = B10000000000000000000004 /* AuroraWeatherWidgetExtension.appex */;
			productType = "com.apple.product-type.app-extension";
		};
		C1000000000000000000000C /* SoradamaWatch */ = {
			isa = PBXNativeTarget;
			buildConfigurationList = C10000000000000000000010 /* Build configuration list for PBXNativeTarget "SoradamaWatch" */;
			buildPhases = (
				C1000000000000000000000D /* Sources */,
				C1000000000000000000000E /* Frameworks */,
				C1000000000000000000000F /* Resources */,
				D1000000000000000000000B /* Embed Foundation Extensions */,
			);
			buildRules = (
			);
			dependencies = (
				D1000000000000000000000C /* PBXTargetDependency */,
			);
			fileSystemSynchronizedGroups = (
				C1000000000000000000000A /* SoradamaWatch */,
				B10000000000000000000001 /* Shared */,
			);
			name = SoradamaWatch;
			packageProductDependencies = (
			);
			productName = SoradamaWatch;
			productReference = C1000000000000000000000B /* SoradamaWatch.app */;
			productType = "com.apple.product-type.application";
		};
		D10000000000000000000003 /* SoradamaWatchWidgetExtension */ = {
			isa = PBXNativeTarget;
			buildConfigurationList = D10000000000000000000007 /* Build configuration list for PBXNativeTarget "SoradamaWatchWidgetExtension" */;
			buildPhases = (
				D10000000000000000000004 /* Sources */,
				D10000000000000000000005 /* Frameworks */,
				D10000000000000000000006 /* Resources */,
			);
			buildRules = (
			);
			dependencies = (
			);
			fileSystemSynchronizedGroups = (
				D10000000000000000000002 /* SoradamaWatchWidget */,
				B10000000000000000000001 /* Shared */,
			);
			name = SoradamaWatchWidgetExtension;
			packageProductDependencies = (
			);
			productName = SoradamaWatchWidgetExtension;
			productReference = D10000000000000000000001 /* SoradamaWatchWidgetExtension.appex */;
			productType = "com.apple.product-type.app-extension";
		};
/* End PBXNativeTarget section */

/* Begin PBXProject section */
		A10000000000000000000001 /* Project object */ = {
			isa = PBXProject;
			attributes = {
				BuildIndependentTargetsInParallel = 1;
				LastSwiftUpdateCheck = 1600;
				LastUpgradeCheck = 1600;
				TargetAttributes = {
					A1000000000000000000000E = {
						CreatedOnToolsVersion = 16.0;
					};
					B10000000000000000000005 = {
						CreatedOnToolsVersion = 16.0;
					};
					C1000000000000000000000C = {
						CreatedOnToolsVersion = 16.0;
					};
				};
			};
			buildConfigurationList = A10000000000000000000002 /* Build configuration list for PBXProject "AuroraWeather" */;
			developmentRegion = en;
			hasScannedForEncodings = 0;
			knownRegions = (
				en,
				Base,
				ja,
			);
			mainGroup = A1000000000000000000000B;
			minimizedProjectReferenceProxies = 1;
			preferredProjectObjectVersion = 77;
			productRefGroup = A1000000000000000000000C /* Products */;
			projectDirPath = "";
			projectRoot = "";
			targets = (
				A1000000000000000000000E /* AuroraWeather */,
				B10000000000000000000005 /* AuroraWeatherWidgetExtension */,
				C1000000000000000000000C /* SoradamaWatch */,
				D10000000000000000000003 /* SoradamaWatchWidgetExtension */,
			);
		};
/* End PBXProject section */

/* Begin PBXResourcesBuildPhase section */
		A10000000000000000000011 /* Resources */ = {
			isa = PBXResourcesBuildPhase;
			buildActionMask = 2147483647;
			files = (
			);
			runOnlyForDeploymentPostprocessing = 0;
		};
		B10000000000000000000008 /* Resources */ = {
			isa = PBXResourcesBuildPhase;
			buildActionMask = 2147483647;
			files = (
			);
			runOnlyForDeploymentPostprocessing = 0;
		};
		C1000000000000000000000F /* Resources */ = {
			isa = PBXResourcesBuildPhase;
			buildActionMask = 2147483647;
			files = (
			);
			runOnlyForDeploymentPostprocessing = 0;
		};
		D10000000000000000000006 /* Resources */ = {
			isa = PBXResourcesBuildPhase;
			buildActionMask = 2147483647;
			files = (
			);
			runOnlyForDeploymentPostprocessing = 0;
		};
/* End PBXResourcesBuildPhase section */

/* Begin PBXSourcesBuildPhase section */
		A10000000000000000000010 /* Sources */ = {
			isa = PBXSourcesBuildPhase;
			buildActionMask = 2147483647;
			files = (
			);
			runOnlyForDeploymentPostprocessing = 0;
		};
		B10000000000000000000006 /* Sources */ = {
			isa = PBXSourcesBuildPhase;
			buildActionMask = 2147483647;
			files = (
			);
			runOnlyForDeploymentPostprocessing = 0;
		};
		C1000000000000000000000D /* Sources */ = {
			isa = PBXSourcesBuildPhase;
			buildActionMask = 2147483647;
			files = (
			);
			runOnlyForDeploymentPostprocessing = 0;
		};
		D10000000000000000000004 /* Sources */ = {
			isa = PBXSourcesBuildPhase;
			buildActionMask = 2147483647;
			files = (
			);
			runOnlyForDeploymentPostprocessing = 0;
		};
/* End PBXSourcesBuildPhase section */

/* Begin PBXTargetDependency section */
		B1000000000000000000000F /* PBXTargetDependency */ = {
			isa = PBXTargetDependency;
			target = B10000000000000000000005 /* AuroraWeatherWidgetExtension */;
			targetProxy = B1000000000000000000000E /* PBXContainerItemProxy */;
		};
		C10000000000000000000016 /* PBXTargetDependency */ = {
			isa = PBXTargetDependency;
			target = C1000000000000000000000C /* SoradamaWatch */;
			targetProxy = C10000000000000000000015 /* PBXContainerItemProxy */;
		};
		D1000000000000000000000C /* PBXTargetDependency */ = {
			isa = PBXTargetDependency;
			target = D10000000000000000000003 /* SoradamaWatchWidgetExtension */;
			targetProxy = D1000000000000000000000D /* PBXContainerItemProxy */;
		};
/* End PBXTargetDependency section */

/* Begin XCBuildConfiguration section */
		A10000000000000000000003 /* Debug */ = {
			isa = XCBuildConfiguration;
			buildSettings = {
				ALWAYS_SEARCH_USER_PATHS = NO;
				ASSETCATALOG_COMPILER_GENERATE_SWIFT_ASSET_SYMBOL_EXTENSIONS = YES;
				CLANG_ANALYZER_NONNULL = YES;
				CLANG_ANALYZER_NUMBER_OBJECT_CONVERSION = YES_AGGRESSIVE;
				CLANG_CXX_LANGUAGE_STANDARD = "gnu++20";
				CLANG_ENABLE_MODULES = YES;
				CLANG_ENABLE_OBJC_ARC = YES;
				CLANG_ENABLE_OBJC_WEAK = YES;
				CLANG_WARN_BLOCK_CAPTURE_AUTORELEASING = YES;
				CLANG_WARN_BOOL_CONVERSION = YES;
				CLANG_WARN_COMMA = YES;
				CLANG_WARN_CONSTANT_CONVERSION = YES;
				CLANG_WARN_DEPRECATED_OBJC_IMPLEMENTATIONS = YES;
				CLANG_WARN_DIRECT_OBJC_ISA_USAGE = YES_ERROR;
				CLANG_WARN_DOCUMENTATION_COMMENTS = YES;
				CLANG_WARN_EMPTY_BODY = YES;
				CLANG_WARN_ENUM_CONVERSION = YES;
				CLANG_WARN_INFINITE_RECURSION = YES;
				CLANG_WARN_INT_CONVERSION = YES;
				CLANG_WARN_NON_LITERAL_NULL_CONVERSION = YES;
				CLANG_WARN_OBJC_IMPLICIT_RETAIN_SELF = YES;
				CLANG_WARN_OBJC_LITERAL_CONVERSION = YES;
				CLANG_WARN_OBJC_ROOT_CLASS = YES_ERROR;
				CLANG_WARN_QUOTED_INCLUDE_IN_FRAMEWORK_HEADER = YES;
				CLANG_WARN_RANGE_LOOP_ANALYSIS = YES;
				CLANG_WARN_STRICT_PROTOTYPES = YES;
				CLANG_WARN_SUSPICIOUS_MOVE = YES;
				CLANG_WARN_UNGUARDED_AVAILABILITY = YES_AGGRESSIVE;
				CLANG_WARN_UNREACHABLE_CODE = YES;
				CLANG_WARN__DUPLICATE_METHOD_MATCH = YES;
				COPY_PHASE_STRIP = NO;
				DEBUG_INFORMATION_FORMAT = dwarf;
				ENABLE_STRICT_OBJC_MSGSEND = YES;
				ENABLE_TESTABILITY = YES;
				ENABLE_USER_SCRIPT_SANDBOXING = YES;
				GCC_C_LANGUAGE_STANDARD = gnu17;
				GCC_DYNAMIC_NO_PIC = NO;
				GCC_NO_COMMON_BLOCKS = YES;
				GCC_OPTIMIZATION_LEVEL = 0;
				GCC_PREPROCESSOR_DEFINITIONS = (
					"DEBUG=1",
					"$(inherited)",
				);
				GCC_WARN_64_TO_32_BIT_CONVERSION = YES;
				GCC_WARN_ABOUT_RETURN_TYPE = YES_ERROR;
				GCC_WARN_UNDECLARED_SELECTOR = YES;
				GCC_WARN_UNINITIALIZED_AUTOS = YES_AGGRESSIVE;
				GCC_WARN_UNUSED_FUNCTION = YES;
				GCC_WARN_UNUSED_VARIABLE = YES;
				IPHONEOS_DEPLOYMENT_TARGET = 17.0;
				LOCALIZATION_PREFERS_STRING_CATALOGS = YES;
				MTL_ENABLE_DEBUG_INFO = INCLUDE_SOURCE;
				MTL_FAST_MATH = YES;
				ONLY_ACTIVE_ARCH = YES;
				SDKROOT = iphoneos;
				SWIFT_ACTIVE_COMPILATION_CONDITIONS = "DEBUG $(inherited)";
				SWIFT_OPTIMIZATION_LEVEL = "-Onone";
				WATCHOS_DEPLOYMENT_TARGET = 10.0;
			};
			name = Debug;
		};
		A10000000000000000000004 /* Release */ = {
			isa = XCBuildConfiguration;
			buildSettings = {
				ALWAYS_SEARCH_USER_PATHS = NO;
				ASSETCATALOG_COMPILER_GENERATE_SWIFT_ASSET_SYMBOL_EXTENSIONS = YES;
				CLANG_ANALYZER_NONNULL = YES;
				CLANG_ANALYZER_NUMBER_OBJECT_CONVERSION = YES_AGGRESSIVE;
				CLANG_CXX_LANGUAGE_STANDARD = "gnu++20";
				CLANG_ENABLE_MODULES = YES;
				CLANG_ENABLE_OBJC_ARC = YES;
				CLANG_ENABLE_OBJC_WEAK = YES;
				CLANG_WARN_BLOCK_CAPTURE_AUTORELEASING = YES;
				CLANG_WARN_BOOL_CONVERSION = YES;
				CLANG_WARN_COMMA = YES;
				CLANG_WARN_CONSTANT_CONVERSION = YES;
				CLANG_WARN_DEPRECATED_OBJC_IMPLEMENTATIONS = YES;
				CLANG_WARN_DIRECT_OBJC_ISA_USAGE = YES_ERROR;
				CLANG_WARN_DOCUMENTATION_COMMENTS = YES;
				CLANG_WARN_EMPTY_BODY = YES;
				CLANG_WARN_ENUM_CONVERSION = YES;
				CLANG_WARN_INFINITE_RECURSION = YES;
				CLANG_WARN_INT_CONVERSION = YES;
				CLANG_WARN_NON_LITERAL_NULL_CONVERSION = YES;
				CLANG_WARN_OBJC_IMPLICIT_RETAIN_SELF = YES;
				CLANG_WARN_OBJC_LITERAL_CONVERSION = YES;
				CLANG_WARN_OBJC_ROOT_CLASS = YES_ERROR;
				CLANG_WARN_QUOTED_INCLUDE_IN_FRAMEWORK_HEADER = YES;
				CLANG_WARN_RANGE_LOOP_ANALYSIS = YES;
				CLANG_WARN_STRICT_PROTOTYPES = YES;
				CLANG_WARN_SUSPICIOUS_MOVE = YES;
				CLANG_WARN_UNGUARDED_AVAILABILITY = YES_AGGRESSIVE;
				CLANG_WARN_UNREACHABLE_CODE = YES;
				CLANG_WARN__DUPLICATE_METHOD_MATCH = YES;
				COPY_PHASE_STRIP = NO;
				DEBUG_INFORMATION_FORMAT = "dwarf-with-dsym";
				ENABLE_NS_ASSERTIONS = NO;
				ENABLE_STRICT_OBJC_MSGSEND = YES;
				ENABLE_USER_SCRIPT_SANDBOXING = YES;
				GCC_C_LANGUAGE_STANDARD = gnu17;
				GCC_NO_COMMON_BLOCKS = YES;
				GCC_WARN_64_TO_32_BIT_CONVERSION = YES;
				GCC_WARN_ABOUT_RETURN_TYPE = YES_ERROR;
				GCC_WARN_UNDECLARED_SELECTOR = YES;
				GCC_WARN_UNINITIALIZED_AUTOS = YES_AGGRESSIVE;
				GCC_WARN_UNUSED_FUNCTION = YES;
				GCC_WARN_UNUSED_VARIABLE = YES;
				IPHONEOS_DEPLOYMENT_TARGET = 17.0;
				LOCALIZATION_PREFERS_STRING_CATALOGS = YES;
				MTL_ENABLE_DEBUG_INFO = NO;
				MTL_FAST_MATH = YES;
				SDKROOT = iphoneos;
				SWIFT_COMPILATION_MODE = wholemodule;
				WATCHOS_DEPLOYMENT_TARGET = 10.0;
			};
			name = Release;
		};
		A10000000000000000000005 /* Debug */ = {
			isa = XCBuildConfiguration;
			buildSettings = {
				ASSETCATALOG_COMPILER_APPICON_NAME = AppIcon;
				ASSETCATALOG_COMPILER_GLOBAL_ACCENT_COLOR_NAME = AccentColor;
				CODE_SIGN_STYLE = Automatic;
				DEVELOPMENT_TEAM = 5TH5JWL3M4;
				CURRENT_PROJECT_VERSION = 23;
				DEVELOPMENT_ASSET_PATHS = "";
				ENABLE_PREVIEWS = YES;
				GENERATE_INFOPLIST_FILE = YES;
				INFOPLIST_KEY_CFBundleDisplayName = "そらだま";
				INFOPLIST_KEY_ITSAppUsesNonExemptEncryption = NO;
				INFOPLIST_FILE = AuroraWeather/Info.plist;
				INFOPLIST_KEY_NSLocationWhenInUseUsageDescription = "現在地の天気を表示するために位置情報を使用します。";
				INFOPLIST_KEY_NSPhotoLibraryAddUsageDescription = "今日の空を壁紙として写真に保存するために使用します。";
				INFOPLIST_KEY_UIApplicationSceneManifest_Generation = YES;
				INFOPLIST_KEY_UIApplicationSupportsIndirectInputEvents = YES;
				INFOPLIST_KEY_UILaunchScreen_Generation = YES;
				INFOPLIST_KEY_UIStatusBarStyle = UIStatusBarStyleLightContent;
				INFOPLIST_KEY_UISupportedInterfaceOrientations_iPhone = UIInterfaceOrientationPortrait;
				LD_RUNPATH_SEARCH_PATHS = (
					"$(inherited)",
					"@executable_path/Frameworks",
				);
				MARKETING_VERSION = 1.4.0;
				CODE_SIGN_ENTITLEMENTS = AuroraWeather/AuroraWeather.entitlements;
				PRODUCT_BUNDLE_IDENTIFIER = com.tkiyo1007.soradama;
				PRODUCT_NAME = "$(TARGET_NAME)";
				SWIFT_EMIT_LOC_STRINGS = YES;
				SWIFT_VERSION = 5.0;
				TARGETED_DEVICE_FAMILY = 1;
			};
			name = Debug;
		};
		A10000000000000000000006 /* Release */ = {
			isa = XCBuildConfiguration;
			buildSettings = {
				ASSETCATALOG_COMPILER_APPICON_NAME = AppIcon;
				ASSETCATALOG_COMPILER_GLOBAL_ACCENT_COLOR_NAME = AccentColor;
				CODE_SIGN_STYLE = Automatic;
				DEVELOPMENT_TEAM = 5TH5JWL3M4;
				CURRENT_PROJECT_VERSION = 23;
				DEVELOPMENT_ASSET_PATHS = "";
				ENABLE_PREVIEWS = YES;
				GENERATE_INFOPLIST_FILE = YES;
				INFOPLIST_KEY_CFBundleDisplayName = "そらだま";
				INFOPLIST_KEY_ITSAppUsesNonExemptEncryption = NO;
				INFOPLIST_FILE = AuroraWeather/Info.plist;
				INFOPLIST_KEY_NSLocationWhenInUseUsageDescription = "現在地の天気を表示するために位置情報を使用します。";
				INFOPLIST_KEY_NSPhotoLibraryAddUsageDescription = "今日の空を壁紙として写真に保存するために使用します。";
				INFOPLIST_KEY_UIApplicationSceneManifest_Generation = YES;
				INFOPLIST_KEY_UIApplicationSupportsIndirectInputEvents = YES;
				INFOPLIST_KEY_UILaunchScreen_Generation = YES;
				INFOPLIST_KEY_UIStatusBarStyle = UIStatusBarStyleLightContent;
				INFOPLIST_KEY_UISupportedInterfaceOrientations_iPhone = UIInterfaceOrientationPortrait;
				LD_RUNPATH_SEARCH_PATHS = (
					"$(inherited)",
					"@executable_path/Frameworks",
				);
				MARKETING_VERSION = 1.4.0;
				CODE_SIGN_ENTITLEMENTS = AuroraWeather/AuroraWeather.entitlements;
				PRODUCT_BUNDLE_IDENTIFIER = com.tkiyo1007.soradama;
				PRODUCT_NAME = "$(TARGET_NAME)";
				SWIFT_EMIT_LOC_STRINGS = YES;
				SWIFT_VERSION = 5.0;
				TARGETED_DEVICE_FAMILY = 1;
			};
			name = Release;
		};
		B1000000000000000000000A /* Debug */ = {
			isa = XCBuildConfiguration;
			buildSettings = {
				CODE_SIGN_STYLE = Automatic;
				DEVELOPMENT_TEAM = 5TH5JWL3M4;
				CURRENT_PROJECT_VERSION = 23;
				GENERATE_INFOPLIST_FILE = YES;
				INFOPLIST_FILE = AuroraWeatherWidget/Info.plist;
				INFOPLIST_KEY_CFBundleDisplayName = "そらだま";
				INFOPLIST_KEY_NSHumanReadableCopyright = "";
				IPHONEOS_DEPLOYMENT_TARGET = 17.0;
				LD_RUNPATH_SEARCH_PATHS = (
					"$(inherited)",
					"@executable_path/Frameworks",
					"@executable_path/../../Frameworks",
				);
				MARKETING_VERSION = 1.4.0;
				CODE_SIGN_ENTITLEMENTS = AuroraWeatherWidget/AuroraWeatherWidget.entitlements;
				PRODUCT_BUNDLE_IDENTIFIER = com.tkiyo1007.soradama.widget;
				PRODUCT_NAME = "$(TARGET_NAME)";
				SKIP_INSTALL = YES;
				SWIFT_EMIT_LOC_STRINGS = YES;
				SWIFT_VERSION = 5.0;
				TARGETED_DEVICE_FAMILY = 1;
			};
			name = Debug;
		};
		B1000000000000000000000B /* Release */ = {
			isa = XCBuildConfiguration;
			buildSettings = {
				CODE_SIGN_STYLE = Automatic;
				DEVELOPMENT_TEAM = 5TH5JWL3M4;
				CURRENT_PROJECT_VERSION = 23;
				GENERATE_INFOPLIST_FILE = YES;
				INFOPLIST_FILE = AuroraWeatherWidget/Info.plist;
				INFOPLIST_KEY_CFBundleDisplayName = "そらだま";
				INFOPLIST_KEY_NSHumanReadableCopyright = "";
				IPHONEOS_DEPLOYMENT_TARGET = 17.0;
				LD_RUNPATH_SEARCH_PATHS = (
					"$(inherited)",
					"@executable_path/Frameworks",
					"@executable_path/../../Frameworks",
				);
				MARKETING_VERSION = 1.4.0;
				CODE_SIGN_ENTITLEMENTS = AuroraWeatherWidget/AuroraWeatherWidget.entitlements;
				PRODUCT_BUNDLE_IDENTIFIER = com.tkiyo1007.soradama.widget;
				PRODUCT_NAME = "$(TARGET_NAME)";
				SKIP_INSTALL = YES;
				SWIFT_EMIT_LOC_STRINGS = YES;
				SWIFT_VERSION = 5.0;
				TARGETED_DEVICE_FAMILY = 1;
			};
			name = Release;
		};
		C10000000000000000000011 /* Debug */ = {
			isa = XCBuildConfiguration;
			buildSettings = {
				ASSETCATALOG_COMPILER_APPICON_NAME = AppIcon;
				CODE_SIGN_STYLE = Automatic;
				DEVELOPMENT_TEAM = 5TH5JWL3M4;
				CURRENT_PROJECT_VERSION = 23;
				ENABLE_PREVIEWS = YES;
				GENERATE_INFOPLIST_FILE = YES;
				INFOPLIST_KEY_CFBundleDisplayName = "そらだま";
				INFOPLIST_KEY_ITSAppUsesNonExemptEncryption = NO;
				INFOPLIST_KEY_NSLocationWhenInUseUsageDescription = "現在地の天気を表示するために位置情報を使用します。";
				INFOPLIST_KEY_UISupportedInterfaceOrientations = UIInterfaceOrientationPortrait;
				INFOPLIST_KEY_WKApplication = YES;
				INFOPLIST_KEY_WKCompanionAppBundleIdentifier = com.tkiyo1007.soradama;
				LD_RUNPATH_SEARCH_PATHS = (
					"$(inherited)",
					"@executable_path/Frameworks",
				);
				MARKETING_VERSION = 1.4.0;
				CODE_SIGN_ENTITLEMENTS = SoradamaWatch/SoradamaWatch.entitlements;
				PRODUCT_BUNDLE_IDENTIFIER = com.tkiyo1007.soradama.watchkitapp;
				PRODUCT_NAME = "$(TARGET_NAME)";
				SDKROOT = watchos;
				SKIP_INSTALL = YES;
				SWIFT_EMIT_LOC_STRINGS = YES;
				SWIFT_VERSION = 5.0;
				TARGETED_DEVICE_FAMILY = 4;
				WATCHOS_DEPLOYMENT_TARGET = 10.0;
			};
			name = Debug;
		};
		C10000000000000000000012 /* Release */ = {
			isa = XCBuildConfiguration;
			buildSettings = {
				ASSETCATALOG_COMPILER_APPICON_NAME = AppIcon;
				CODE_SIGN_STYLE = Automatic;
				DEVELOPMENT_TEAM = 5TH5JWL3M4;
				CURRENT_PROJECT_VERSION = 23;
				ENABLE_PREVIEWS = YES;
				GENERATE_INFOPLIST_FILE = YES;
				INFOPLIST_KEY_CFBundleDisplayName = "そらだま";
				INFOPLIST_KEY_ITSAppUsesNonExemptEncryption = NO;
				INFOPLIST_KEY_NSLocationWhenInUseUsageDescription = "現在地の天気を表示するために位置情報を使用します。";
				INFOPLIST_KEY_UISupportedInterfaceOrientations = UIInterfaceOrientationPortrait;
				INFOPLIST_KEY_WKApplication = YES;
				INFOPLIST_KEY_WKCompanionAppBundleIdentifier = com.tkiyo1007.soradama;
				LD_RUNPATH_SEARCH_PATHS = (
					"$(inherited)",
					"@executable_path/Frameworks",
				);
				MARKETING_VERSION = 1.4.0;
				CODE_SIGN_ENTITLEMENTS = SoradamaWatch/SoradamaWatch.entitlements;
				PRODUCT_BUNDLE_IDENTIFIER = com.tkiyo1007.soradama.watchkitapp;
				PRODUCT_NAME = "$(TARGET_NAME)";
				SDKROOT = watchos;
				SKIP_INSTALL = YES;
				SWIFT_EMIT_LOC_STRINGS = YES;
				SWIFT_VERSION = 5.0;
				TARGETED_DEVICE_FAMILY = 4;
				WATCHOS_DEPLOYMENT_TARGET = 10.0;
			};
			name = Release;
		};
		D10000000000000000000008 /* Debug */ = {
			isa = XCBuildConfiguration;
			buildSettings = {
				CODE_SIGN_STYLE = Automatic;
				CURRENT_PROJECT_VERSION = 23;
				DEVELOPMENT_TEAM = 5TH5JWL3M4;
				GENERATE_INFOPLIST_FILE = YES;
				INFOPLIST_FILE = SoradamaWatchWidget/Info.plist;
				INFOPLIST_KEY_CFBundleDisplayName = "そらだま";
				INFOPLIST_KEY_NSHumanReadableCopyright = "";
				LD_RUNPATH_SEARCH_PATHS = (
					"$(inherited)",
					"@executable_path/Frameworks",
					"@executable_path/../../Frameworks",
				);
				MARKETING_VERSION = 1.4.0;
				CODE_SIGN_ENTITLEMENTS = SoradamaWatchWidget/SoradamaWatchWidget.entitlements;
				PRODUCT_BUNDLE_IDENTIFIER = com.tkiyo1007.soradama.watchkitapp.widget;
				PRODUCT_NAME = "$(TARGET_NAME)";
				SDKROOT = watchos;
				SKIP_INSTALL = YES;
				SWIFT_EMIT_LOC_STRINGS = YES;
				SWIFT_VERSION = 5.0;
				TARGETED_DEVICE_FAMILY = 4;
				WATCHOS_DEPLOYMENT_TARGET = 10.0;
			};
			name = Debug;
		};
		D10000000000000000000009 /* Release */ = {
			isa = XCBuildConfiguration;
			buildSettings = {
				CODE_SIGN_STYLE = Automatic;
				CURRENT_PROJECT_VERSION = 23;
				DEVELOPMENT_TEAM = 5TH5JWL3M4;
				GENERATE_INFOPLIST_FILE = YES;
				INFOPLIST_FILE = SoradamaWatchWidget/Info.plist;
				INFOPLIST_KEY_CFBundleDisplayName = "そらだま";
				INFOPLIST_KEY_NSHumanReadableCopyright = "";
				LD_RUNPATH_SEARCH_PATHS = (
					"$(inherited)",
					"@executable_path/Frameworks",
					"@executable_path/../../Frameworks",
				);
				MARKETING_VERSION = 1.4.0;
				CODE_SIGN_ENTITLEMENTS = SoradamaWatchWidget/SoradamaWatchWidget.entitlements;
				PRODUCT_BUNDLE_IDENTIFIER = com.tkiyo1007.soradama.watchkitapp.widget;
				PRODUCT_NAME = "$(TARGET_NAME)";
				SDKROOT = watchos;
				SKIP_INSTALL = YES;
				SWIFT_EMIT_LOC_STRINGS = YES;
				SWIFT_VERSION = 5.0;
				TARGETED_DEVICE_FAMILY = 4;
				WATCHOS_DEPLOYMENT_TARGET = 10.0;
			};
			name = Release;
		};
/* End XCBuildConfiguration section */

/* Begin XCConfigurationList section */
		A10000000000000000000002 /* Build configuration list for PBXProject "AuroraWeather" */ = {
			isa = XCConfigurationList;
			buildConfigurations = (
				A10000000000000000000003 /* Debug */,
				A10000000000000000000004 /* Release */,
			);
			defaultConfigurationIsVisible = 0;
			defaultConfigurationName = Release;
		};
		A10000000000000000000014 /* Build configuration list for PBXNativeTarget "AuroraWeather" */ = {
			isa = XCConfigurationList;
			buildConfigurations = (
				A10000000000000000000005 /* Debug */,
				A10000000000000000000006 /* Release */,
			);
			defaultConfigurationIsVisible = 0;
			defaultConfigurationName = Release;
		};
		B10000000000000000000009 /* Build configuration list for PBXNativeTarget "AuroraWeatherWidgetExtension" */ = {
			isa = XCConfigurationList;
			buildConfigurations = (
				B1000000000000000000000A /* Debug */,
				B1000000000000000000000B /* Release */,
			);
			defaultConfigurationIsVisible = 0;
			defaultConfigurationName = Release;
		};
		C10000000000000000000010 /* Build configuration list for PBXNativeTarget "SoradamaWatch" */ = {
			isa = XCConfigurationList;
			buildConfigurations = (
				C10000000000000000000011 /* Debug */,
				C10000000000000000000012 /* Release */,
			);
			defaultConfigurationIsVisible = 0;
			defaultConfigurationName = Release;
		};
		D10000000000000000000007 /* Build configuration list for PBXNativeTarget "SoradamaWatchWidgetExtension" */ = {
			isa = XCConfigurationList;
			buildConfigurations = (
				D10000000000000000000008 /* Debug */,
				D10000000000000000000009 /* Release */,
			);
			defaultConfigurationIsVisible = 0;
			defaultConfigurationName = Release;
		};
/* End XCConfigurationList section */
	};
	rootObject = A10000000000000000000001 /* Project object */;
}
